
Microsoft Visual Studio Solution File, Format Version 12.00
# Visual Studio Version 17
VisualStudioVersion = 17.5.33516.290
MinimumVisualStudioVersion = 10.0.40219.1
Project("{FAE04EC0-301F-11D3-BF4B-00C04F79EFBC}") = "cs29_filehanding", "cs29_fileding\cs29_filehanding.csproj", "{754ED262-AEAD-48B9-8E6B-DDD5211612AA}"
EndProject
Project("{FAE04EC0-301F-11D3-BF4B-00C04F79EFBC}") = "cs30_filereawrite", "cs30_filereawrite\cs30_filereawrite.csproj", "{46C31456-3E9F-4DBE-BA3D-4670B718F817}"
EndProject
Project("{FAE04EC0-301F-11D3-BF4B-00C04F79EFBC}") = "wf12_notepad", "wf12_notepad\wf12_notepad.csproj", "{73B3C1A0-3BD0-4FC9-A6B8-EA334D73FA1C}"
EndProject
Project("{FAE04EC0-301F-11D3-BF4B-00C04F79EFBC}") = "wf13_booklentalshop", "wf13_booklentalshop\wf13_booklentalshop.csproj", "{962E6C34-95C7-45B0-AA2D-BB19380ACABE}"
EndProject
Global
	GlobalSection(SolutionConfigurationPlatforms) = preSolution
		Debug|Any CPU = Debug|Any CPU
		Release|Any CPU = Release|Any CPU
	EndGlobalSection
	GlobalSection(ProjectConfigurationPlatforms) = postSolution
		{754ED262-AEAD-48B9-8E6B-DDD5211612AA}.Debug|Any CPU.ActiveCfg = Debug|Any CPU
		{754ED262-AEAD-48B9-8E6B-DDD5211612AA}.Debug|Any CPU.Build.0 = Debug|Any CPU
		{754ED262-AEAD-48B9-8E6B-DDD5211612AA}.Release|Any CPU.ActiveCfg = Release|Any CPU
		{754ED262-AEAD-48B9-8E6B-DDD5211612AA}.Release|Any CPU.Build.0 = Release|Any CPU
		{46C31456-3E9F-4DBE-BA3D-4670B718F817}.Debug|Any CPU.ActiveCfg = Debug|Any CPU
		{46C31456-3E9F-4DBE-BA3D-4670B718F817}.Debug|Any CPU.Build.0 = Debug|Any CPU
		{46C31456-3E9F-4DBE-BA3D-4670B718F817}.Release|Any CPU.ActiveCfg = Release|Any CPU
		{46C31456-3E9F-4DBE-BA3D-4670B718F817}.Release|Any CPU.Build.0 = Release|Any CPU
		{73B3C1A0-3BD0-4FC9-A6B8-EA334D73FA1C}.Debug|Any CPU.ActiveCfg = Debug|Any CPU
		{73B3C1A0-3BD0-4FC9-A6B8-EA334D73FA1C}.Debug|Any CPU.Build.0 = Debug|Any CPU
		{73B3C1A0-3BD0-4FC9-A6B8-EA334D73FA1C}.Release|Any CPU.ActiveCfg = Release|Any CPU
		{73B3C1A0-3BD0-4FC9-A6B8-EA334D73FA1C}.Release|Any CPU.Build.0 = Release|Any CPU
		{962E6C34-95C7-45B0-AA2D-BB19380ACABE}.Debug|Any CPU.ActiveCfg = Debug|Any CPU
		{962E6C34-95C7-45B0-AA2D-BB19380ACABE}.Debug|Any CPU.Build.0 = Debug|Any CPU
		{962E6C34-95C7-45B0-AA2D-BB19380ACABE}.Release|Any CPU.ActiveCfg = Release|Any CPU
		{962E6C34-95C7-45B0-AA2D-BB19380ACABE}.Release|Any CPU.Build.0 = Release|Any CPU
	EndGlobalSection
	GlobalSection(SolutionProperties) = preSolution
		HideSolutionNode = FALSE
	EndGlobalSection
	GlobalSection(ExtensibilityGlobals) = postSolution
		SolutionGuid = {65A63106-7262-49F8-9DB3-698D1F36738F}
	EndGlobalSection
EndGlobal
