
Microsoft Visual Studio Solution File, Format Version 12.00
# Visual Studio Version 17
VisualStudioVersion = 17.5.33516.290
MinimumVisualStudioVersion = 10.0.40219.1
Project("{FAE04EC0-301F-11D3-BF4B-00C04F79EFBC}") = "cs23_collection", "cs23_collection\cs23_collection.csproj", "{1CF8316F-CC56-41B7-B044-BBF4713FB3B6}"
EndProject
Project("{FAE04EC0-301F-11D3-BF4B-00C04F79EFBC}") = "cs24_genenic", "cs24_genenic\cs24_genenic.csproj", "{492EEEAB-E63F-4F2E-8CF4-19A9A7E20360}"
EndProject
Project("{FAE04EC0-301F-11D3-BF4B-00C04F79EFBC}") = "cs25_exception", "cs25_exception\cs25_exception.csproj", "{AEBEE5BF-12B3-41E3-A08B-F6C86DD06E3F}"
EndProject
Global
	GlobalSection(SolutionConfigurationPlatforms) = preSolution
		Debug|Any CPU = Debug|Any CPU
		Release|Any CPU = Release|Any CPU
	EndGlobalSection
	GlobalSection(ProjectConfigurationPlatforms) = postSolution
		{1CF8316F-CC56-41B7-B044-BBF4713FB3B6}.Debug|Any CPU.ActiveCfg = Debug|Any CPU
		{1CF8316F-CC56-41B7-B044-BBF4713FB3B6}.Debug|Any CPU.Build.0 = Debug|Any CPU
		{1CF8316F-CC56-41B7-B044-BBF4713FB3B6}.Release|Any CPU.ActiveCfg = Release|Any CPU
		{1CF8316F-CC56-41B7-B044-BBF4713FB3B6}.Release|Any CPU.Build.0 = Release|Any CPU
		{492EEEAB-E63F-4F2E-8CF4-19A9A7E20360}.Debug|Any CPU.ActiveCfg = Debug|Any CPU
		{492EEEAB-E63F-4F2E-8CF4-19A9A7E20360}.Debug|Any CPU.Build.0 = Debug|Any CPU
		{492EEEAB-E63F-4F2E-8CF4-19A9A7E20360}.Release|Any CPU.ActiveCfg = Release|Any CPU
		{492EEEAB-E63F-4F2E-8CF4-19A9A7E20360}.Release|Any CPU.Build.0 = Release|Any CPU
		{AEBEE5BF-12B3-41E3-A08B-F6C86DD06E3F}.Debug|Any CPU.ActiveCfg = Debug|Any CPU
		{AEBEE5BF-12B3-41E3-A08B-F6C86DD06E3F}.Debug|Any CPU.Build.0 = Debug|Any CPU
		{AEBEE5BF-12B3-41E3-A08B-F6C86DD06E3F}.Release|Any CPU.ActiveCfg = Release|Any CPU
		{AEBEE5BF-12B3-41E3-A08B-F6C86DD06E3F}.Release|Any CPU.Build.0 = Release|Any CPU
	EndGlobalSection
	GlobalSection(SolutionProperties) = preSolution
		HideSolutionNode = FALSE
	EndGlobalSection
	GlobalSection(ExtensibilityGlobals) = postSolution
		SolutionGuid = {0A403E2D-4C6B-4AE6-835B-90222AF4DE33}
	EndGlobalSection
EndGlobal
