
Microsoft Visual Studio Solution File, Format Version 12.00
# Visual Studio Version 17
VisualStudioVersion = 17.5.33516.290
MinimumVisualStudioVersion = 10.0.40219.1
Project("{FAE04EC0-301F-11D3-BF4B-00C04F79EFBC}") = "cs26_delegate", "cs26_delegate\cs26_delegate.csproj", "{19546396-1BAF-4AE1-B7FE-F12243D886C1}"
EndProject
Project("{FAE04EC0-301F-11D3-BF4B-00C04F79EFBC}") = "cs27_delegateChain", "cs27_delegateChain\cs27_delegateChain.csproj", "{42B344B3-B557-46FE-9A12-4E29B44F8AEB}"
EndProject
Project("{FAE04EC0-301F-11D3-BF4B-00C04F79EFBC}") = "cs28_Event", "cs28_Event\cs28_Event.csproj", "{E472DE4B-CE16-46DF-B43A-F6400DC49A11}"
EndProject
Global
	GlobalSection(SolutionConfigurationPlatforms) = preSolution
		Debug|Any CPU = Debug|Any CPU
		Release|Any CPU = Release|Any CPU
	EndGlobalSection
	GlobalSection(ProjectConfigurationPlatforms) = postSolution
		{19546396-1BAF-4AE1-B7FE-F12243D886C1}.Debug|Any CPU.ActiveCfg = Debug|Any CPU
		{19546396-1BAF-4AE1-B7FE-F12243D886C1}.Debug|Any CPU.Build.0 = Debug|Any CPU
		{19546396-1BAF-4AE1-B7FE-F12243D886C1}.Release|Any CPU.ActiveCfg = Release|Any CPU
		{19546396-1BAF-4AE1-B7FE-F12243D886C1}.Release|Any CPU.Build.0 = Release|Any CPU
		{42B344B3-B557-46FE-9A12-4E29B44F8AEB}.Debug|Any CPU.ActiveCfg = Debug|Any CPU
		{42B344B3-B557-46FE-9A12-4E29B44F8AEB}.Debug|Any CPU.Build.0 = Debug|Any CPU
		{42B344B3-B557-46FE-9A12-4E29B44F8AEB}.Release|Any CPU.ActiveCfg = Release|Any CPU
		{42B344B3-B557-46FE-9A12-4E29B44F8AEB}.Release|Any CPU.Build.0 = Release|Any CPU
		{E472DE4B-CE16-46DF-B43A-F6400DC49A11}.Debug|Any CPU.ActiveCfg = Debug|Any CPU
		{E472DE4B-CE16-46DF-B43A-F6400DC49A11}.Debug|Any CPU.Build.0 = Debug|Any CPU
		{E472DE4B-CE16-46DF-B43A-F6400DC49A11}.Release|Any CPU.ActiveCfg = Release|Any CPU
		{E472DE4B-CE16-46DF-B43A-F6400DC49A11}.Release|Any CPU.Build.0 = Release|Any CPU
	EndGlobalSection
	GlobalSection(SolutionProperties) = preSolution
		HideSolutionNode = FALSE
	EndGlobalSection
	GlobalSection(ExtensibilityGlobals) = postSolution
		SolutionGuid = {639C61CB-CF0E-407A-BDAB-93448820F885}
	EndGlobalSection
EndGlobal
