
Microsoft Visual Studio Solution File, Format Version 12.00
# Visual Studio Version 17
VisualStudioVersion = 17.5.33516.290
MinimumVisualStudioVersion = 10.0.40219.1
Project("{2150E333-8FDC-42A3-9474-1A3956D46DE8}") = "솔루션 항목", "솔루션 항목", "{041F93A1-31AC-4BAB-A3A2-550420954298}"
EndProject
Project("{FAE04EC0-301F-11D3-BF4B-00C04F79EFBC}") = "cs18_overridea", "cs18_overridea\cs18_overridea.csproj", "{BAEA86FE-E054-4DD6-B4C0-F949284D19D0}"
EndProject
Project("{FAE04EC0-301F-11D3-BF4B-00C04F79EFBC}") = "cs19_interface", "cs19_interface\cs19_interface.csproj", "{60B6A222-BD16-418A-A0A7-83E28B0C30D1}"
EndProject
Global
	GlobalSection(SolutionConfigurationPlatforms) = preSolution
		Debug|Any CPU = Debug|Any CPU
		Release|Any CPU = Release|Any CPU
	EndGlobalSection
	GlobalSection(ProjectConfigurationPlatforms) = postSolution
		{BAEA86FE-E054-4DD6-B4C0-F949284D19D0}.Debug|Any CPU.ActiveCfg = Debug|Any CPU
		{BAEA86FE-E054-4DD6-B4C0-F949284D19D0}.Debug|Any CPU.Build.0 = Debug|Any CPU
		{BAEA86FE-E054-4DD6-B4C0-F949284D19D0}.Release|Any CPU.ActiveCfg = Release|Any CPU
		{BAEA86FE-E054-4DD6-B4C0-F949284D19D0}.Release|Any CPU.Build.0 = Release|Any CPU
		{60B6A222-BD16-418A-A0A7-83E28B0C30D1}.Debug|Any CPU.ActiveCfg = Debug|Any CPU
		{60B6A222-BD16-418A-A0A7-83E28B0C30D1}.Debug|Any CPU.Build.0 = Debug|Any CPU
		{60B6A222-BD16-418A-A0A7-83E28B0C30D1}.Release|Any CPU.ActiveCfg = Release|Any CPU
		{60B6A222-BD16-418A-A0A7-83E28B0C30D1}.Release|Any CPU.Build.0 = Release|Any CPU
	EndGlobalSection
	GlobalSection(SolutionProperties) = preSolution
		HideSolutionNode = FALSE
	EndGlobalSection
	GlobalSection(NestedProjects) = preSolution
		{BAEA86FE-E054-4DD6-B4C0-F949284D19D0} = {041F93A1-31AC-4BAB-A3A2-550420954298}
	EndGlobalSection
	GlobalSection(ExtensibilityGlobals) = postSolution
		SolutionGuid = {7FA45187-B28F-4244-9B1B-CF4BF4471558}
	EndGlobalSection
EndGlobal
