
Microsoft Visual Studio Solution File, Format Version 12.00
# Visual Studio Version 17
VisualStudioVersion = 17.5.33516.290
MinimumVisualStudioVersion = 10.0.40219.1
Project("{FAE04EC0-301F-11D3-BF4B-00C04F79EFBC}") = "wf01_simplewinapp", "wf01_simplewinapp\wf01_simplewinapp.csproj", "{26500870-CE4A-4515-A7B2-2D901C97BD9D}"
EndProject
Project("{FAE04EC0-301F-11D3-BF4B-00C04F79EFBC}") = "wf02_realWinapp", "wf02_realWinapp\wf02_realWinapp.csproj", "{0B731610-0BE3-4AB9-B129-3EEF9766FDFD}"
EndProject
Global
	GlobalSection(SolutionConfigurationPlatforms) = preSolution
		Debug|Any CPU = Debug|Any CPU
		Release|Any CPU = Release|Any CPU
	EndGlobalSection
	GlobalSection(ProjectConfigurationPlatforms) = postSolution
		{26500870-CE4A-4515-A7B2-2D901C97BD9D}.Debug|Any CPU.ActiveCfg = Debug|Any CPU
		{26500870-CE4A-4515-A7B2-2D901C97BD9D}.Debug|Any CPU.Build.0 = Debug|Any CPU
		{26500870-CE4A-4515-A7B2-2D901C97BD9D}.Release|Any CPU.ActiveCfg = Release|Any CPU
		{26500870-CE4A-4515-A7B2-2D901C97BD9D}.Release|Any CPU.Build.0 = Release|Any CPU
		{0B731610-0BE3-4AB9-B129-3EEF9766FDFD}.Debug|Any CPU.ActiveCfg = Debug|Any CPU
		{0B731610-0BE3-4AB9-B129-3EEF9766FDFD}.Debug|Any CPU.Build.0 = Debug|Any CPU
		{0B731610-0BE3-4AB9-B129-3EEF9766FDFD}.Release|Any CPU.ActiveCfg = Release|Any CPU
		{0B731610-0BE3-4AB9-B129-3EEF9766FDFD}.Release|Any CPU.Build.0 = Release|Any CPU
	EndGlobalSection
	GlobalSection(SolutionProperties) = preSolution
		HideSolutionNode = FALSE
	EndGlobalSection
	GlobalSection(ExtensibilityGlobals) = postSolution
		SolutionGuid = {AB5D3158-555F-460B-941E-A3B8F401BD97}
	EndGlobalSection
EndGlobal
