
Microsoft Visual Studio Solution File, Format Version 12.00
# Visual Studio Version 17
VisualStudioVersion = 17.5.33516.290
MinimumVisualStudioVersion = 10.0.40219.1
Project("{FAE04EC0-301F-11D3-BF4B-00C04F79EFBC}") = "cs20_abstractClass", "cs20_abstractClass\cs20_abstractClass.csproj", "{4BDF8EF3-BE65-4B59-BF2A-550FA9A25FD6}"
EndProject
Project("{FAE04EC0-301F-11D3-BF4B-00C04F79EFBC}") = "cs21_property", "cs21_property\cs21_property.csproj", "{7B0049D4-54C0-4F27-869F-339BCCEAF70D}"
EndProject
Project("{FAE04EC0-301F-11D3-BF4B-00C04F79EFBC}") = "cs22_collection", "cs22_collection\cs22_collection.csproj", "{3A5A7D5B-22FC-4C83-9965-BA1F77C9A32E}"
EndProject
Global
	GlobalSection(SolutionConfigurationPlatforms) = preSolution
		Debug|Any CPU = Debug|Any CPU
		Release|Any CPU = Release|Any CPU
	EndGlobalSection
	GlobalSection(ProjectConfigurationPlatforms) = postSolution
		{4BDF8EF3-BE65-4B59-BF2A-550FA9A25FD6}.Debug|Any CPU.ActiveCfg = Debug|Any CPU
		{4BDF8EF3-BE65-4B59-BF2A-550FA9A25FD6}.Debug|Any CPU.Build.0 = Debug|Any CPU
		{4BDF8EF3-BE65-4B59-BF2A-550FA9A25FD6}.Release|Any CPU.ActiveCfg = Release|Any CPU
		{4BDF8EF3-BE65-4B59-BF2A-550FA9A25FD6}.Release|Any CPU.Build.0 = Release|Any CPU
		{7B0049D4-54C0-4F27-869F-339BCCEAF70D}.Debug|Any CPU.ActiveCfg = Debug|Any CPU
		{7B0049D4-54C0-4F27-869F-339BCCEAF70D}.Debug|Any CPU.Build.0 = Debug|Any CPU
		{7B0049D4-54C0-4F27-869F-339BCCEAF70D}.Release|Any CPU.ActiveCfg = Release|Any CPU
		{7B0049D4-54C0-4F27-869F-339BCCEAF70D}.Release|Any CPU.Build.0 = Release|Any CPU
		{3A5A7D5B-22FC-4C83-9965-BA1F77C9A32E}.Debug|Any CPU.ActiveCfg = Debug|Any CPU
		{3A5A7D5B-22FC-4C83-9965-BA1F77C9A32E}.Debug|Any CPU.Build.0 = Debug|Any CPU
		{3A5A7D5B-22FC-4C83-9965-BA1F77C9A32E}.Release|Any CPU.ActiveCfg = Release|Any CPU
		{3A5A7D5B-22FC-4C83-9965-BA1F77C9A32E}.Release|Any CPU.Build.0 = Release|Any CPU
	EndGlobalSection
	GlobalSection(SolutionProperties) = preSolution
		HideSolutionNode = FALSE
	EndGlobalSection
	GlobalSection(ExtensibilityGlobals) = postSolution
		SolutionGuid = {AE8C54BC-6205-4C19-92E9-D743EEEB1F17}
	EndGlobalSection
EndGlobal
