
Microsoft Visual Studio Solution File, Format Version 12.00
# Visual Studio Version 17
VisualStudioVersion = 17.5.33516.290
MinimumVisualStudioVersion = 10.0.40219.1
Project("{FAE04EC0-301F-11D3-BF4B-00C04F79EFBC}") = "number_1app", "number_1app\number_1app.csproj", "{4789C698-A9B0-4263-AEAF-907E9F1DCC7C}"
EndProject
Global
	GlobalSection(SolutionConfigurationPlatforms) = preSolution
		Debug|Any CPU = Debug|Any CPU
		Release|Any CPU = Release|Any CPU
	EndGlobalSection
	GlobalSection(ProjectConfigurationPlatforms) = postSolution
		{4789C698-A9B0-4263-AEAF-907E9F1DCC7C}.Debug|Any CPU.ActiveCfg = Debug|Any CPU
		{4789C698-A9B0-4263-AEAF-907E9F1DCC7C}.Debug|Any CPU.Build.0 = Debug|Any CPU
		{4789C698-A9B0-4263-AEAF-907E9F1DCC7C}.Release|Any CPU.ActiveCfg = Release|Any CPU
		{4789C698-A9B0-4263-AEAF-907E9F1DCC7C}.Release|Any CPU.Build.0 = Release|Any CPU
	EndGlobalSection
	GlobalSection(SolutionProperties) = preSolution
		HideSolutionNode = FALSE
	EndGlobalSection
	GlobalSection(ExtensibilityGlobals) = postSolution
		SolutionGuid = {37C66820-ECF6-4C5A-90C5-2698EAFF6014}
	EndGlobalSection
EndGlobal
