
Microsoft Visual Studio Solution File, Format Version 12.00
# Visual Studio Version 17
VisualStudioVersion = 17.5.33516.290
MinimumVisualStudioVersion = 10.0.40219.1
Project("{FAE04EC0-301F-11D3-BF4B-00C04F79EFBC}") = "wf03_property", "..\..\Day02\Day02WinApp\wf03_property\wf03_property.csproj", "{5DC4787D-BF15-4B3B-A901-4DB3EE904BC3}"
EndProject
Global
	GlobalSection(SolutionConfigurationPlatforms) = preSolution
		Debug|Any CPU = Debug|Any CPU
		Release|Any CPU = Release|Any CPU
	EndGlobalSection
	GlobalSection(ProjectConfigurationPlatforms) = postSolution
		{5DC4787D-BF15-4B3B-A901-4DB3EE904BC3}.Debug|Any CPU.ActiveCfg = Debug|Any CPU
		{5DC4787D-BF15-4B3B-A901-4DB3EE904BC3}.Debug|Any CPU.Build.0 = Debug|Any CPU
		{5DC4787D-BF15-4B3B-A901-4DB3EE904BC3}.Release|Any CPU.ActiveCfg = Release|Any CPU
		{5DC4787D-BF15-4B3B-A901-4DB3EE904BC3}.Release|Any CPU.Build.0 = Release|Any CPU
	EndGlobalSection
	GlobalSection(SolutionProperties) = preSolution
		HideSolutionNode = FALSE
	EndGlobalSection
	GlobalSection(ExtensibilityGlobals) = postSolution
		SolutionGuid = {941ECCC3-A6AA-4D31-B142-07B9BC7EB5CB}
	EndGlobalSection
EndGlobal
