
Microsoft Visual Studio Solution File, Format Version 12.00
# Visual Studio Version 17
VisualStudioVersion = 17.5.33516.290
MinimumVisualStudioVersion = 10.0.40219.1
Project("{FAE04EC0-301F-11D3-BF4B-00C04F79EFBC}") = "wf09_dbhandling", "wf09_dbhandling\wf09_dbhandling.csproj", "{F6E3645D-D906-474D-A532-37B2F7AC52BF}"
EndProject
Project("{FAE04EC0-301F-11D3-BF4B-00C04F79EFBC}") = "wf08_dbhandling", "..\..\Day06\Day06WinApp\wf08_dbhandling\wf08_dbhandling.csproj", "{FCB09372-D026-48CF-B3F6-BF072D359A01}"
EndProject
Project("{FAE04EC0-301F-11D3-BF4B-00C04F79EFBC}") = "wf10_musqlhandling", "wf10_musqlhandling\wf10_musqlhandling.csproj", "{49A47229-4380-4594-923B-0866A45EA2FA}"
EndProject
Project("{FAE04EC0-301F-11D3-BF4B-00C04F79EFBC}") = "wf11_mditest", "wf11_mditest\wf11_mditest.csproj", "{63E615CC-76BF-4BEA-80AE-9D025BB59AC2}"
EndProject
Global
	GlobalSection(SolutionConfigurationPlatforms) = preSolution
		Debug|Any CPU = Debug|Any CPU
		Release|Any CPU = Release|Any CPU
	EndGlobalSection
	GlobalSection(ProjectConfigurationPlatforms) = postSolution
		{F6E3645D-D906-474D-A532-37B2F7AC52BF}.Debug|Any CPU.ActiveCfg = Debug|Any CPU
		{F6E3645D-D906-474D-A532-37B2F7AC52BF}.Debug|Any CPU.Build.0 = Debug|Any CPU
		{F6E3645D-D906-474D-A532-37B2F7AC52BF}.Release|Any CPU.ActiveCfg = Release|Any CPU
		{F6E3645D-D906-474D-A532-37B2F7AC52BF}.Release|Any CPU.Build.0 = Release|Any CPU
		{FCB09372-D026-48CF-B3F6-BF072D359A01}.Debug|Any CPU.ActiveCfg = Debug|Any CPU
		{FCB09372-D026-48CF-B3F6-BF072D359A01}.Debug|Any CPU.Build.0 = Debug|Any CPU
		{FCB09372-D026-48CF-B3F6-BF072D359A01}.Release|Any CPU.ActiveCfg = Release|Any CPU
		{FCB09372-D026-48CF-B3F6-BF072D359A01}.Release|Any CPU.Build.0 = Release|Any CPU
		{49A47229-4380-4594-923B-0866A45EA2FA}.Debug|Any CPU.ActiveCfg = Debug|Any CPU
		{49A47229-4380-4594-923B-0866A45EA2FA}.Debug|Any CPU.Build.0 = Debug|Any CPU
		{49A47229-4380-4594-923B-0866A45EA2FA}.Release|Any CPU.ActiveCfg = Release|Any CPU
		{49A47229-4380-4594-923B-0866A45EA2FA}.Release|Any CPU.Build.0 = Release|Any CPU
		{63E615CC-76BF-4BEA-80AE-9D025BB59AC2}.Debug|Any CPU.ActiveCfg = Debug|Any CPU
		{63E615CC-76BF-4BEA-80AE-9D025BB59AC2}.Debug|Any CPU.Build.0 = Debug|Any CPU
		{63E615CC-76BF-4BEA-80AE-9D025BB59AC2}.Release|Any CPU.ActiveCfg = Release|Any CPU
		{63E615CC-76BF-4BEA-80AE-9D025BB59AC2}.Release|Any CPU.Build.0 = Release|Any CPU
	EndGlobalSection
	GlobalSection(SolutionProperties) = preSolution
		HideSolutionNode = FALSE
	EndGlobalSection
	GlobalSection(ExtensibilityGlobals) = postSolution
		SolutionGuid = {6BA5086D-A72E-4BC0-A5C4-772E386B2BDE}
	EndGlobalSection
EndGlobal
