
Microsoft Visual Studio Solution File, Format Version 12.00
# Visual Studio Version 17
VisualStudioVersion = 17.5.33516.290
MinimumVisualStudioVersion = 10.0.40219.1
Project("{FAE04EC0-301F-11D3-BF4B-00C04F79EFBC}") = "number_1_app", "number_1_app\number_1_app.csproj", "{6892A2D4-6A7C-4F4A-91C8-AB9EE0A88CAE}"
EndProject
Project("{FAE04EC0-301F-11D3-BF4B-00C04F79EFBC}") = "number_2_app", "number_2_app\number_2_app.csproj", "{5E854493-4D0D-4B6A-B104-3D9AB2BC9D09}"
EndProject
Project("{FAE04EC0-301F-11D3-BF4B-00C04F79EFBC}") = "number_3_app", "number_3_app\number_3_app.csproj", "{869EB82F-8913-48D8-88D1-2A5081FD2A24}"
EndProject
Project("{FAE04EC0-301F-11D3-BF4B-00C04F79EFBC}") = "number_4_app", "number_4_app\number_4_app.csproj", "{C9CAFF06-753E-428E-B88E-80CFB285D6DF}"
EndProject
Project("{FAE04EC0-301F-11D3-BF4B-00C04F79EFBC}") = "number_5_app", "number_5_app\number_5_app.csproj", "{CFF97951-ED98-42F0-B9BA-0F2D0116AE69}"
EndProject
Global
	GlobalSection(SolutionConfigurationPlatforms) = preSolution
		Debug|Any CPU = Debug|Any CPU
		Release|Any CPU = Release|Any CPU
	EndGlobalSection
	GlobalSection(ProjectConfigurationPlatforms) = postSolution
		{6892A2D4-6A7C-4F4A-91C8-AB9EE0A88CAE}.Debug|Any CPU.ActiveCfg = Debug|Any CPU
		{6892A2D4-6A7C-4F4A-91C8-AB9EE0A88CAE}.Debug|Any CPU.Build.0 = Debug|Any CPU
		{6892A2D4-6A7C-4F4A-91C8-AB9EE0A88CAE}.Release|Any CPU.ActiveCfg = Release|Any CPU
		{6892A2D4-6A7C-4F4A-91C8-AB9EE0A88CAE}.Release|Any CPU.Build.0 = Release|Any CPU
		{5E854493-4D0D-4B6A-B104-3D9AB2BC9D09}.Debug|Any CPU.ActiveCfg = Debug|Any CPU
		{5E854493-4D0D-4B6A-B104-3D9AB2BC9D09}.Debug|Any CPU.Build.0 = Debug|Any CPU
		{5E854493-4D0D-4B6A-B104-3D9AB2BC9D09}.Release|Any CPU.ActiveCfg = Release|Any CPU
		{5E854493-4D0D-4B6A-B104-3D9AB2BC9D09}.Release|Any CPU.Build.0 = Release|Any CPU
		{869EB82F-8913-48D8-88D1-2A5081FD2A24}.Debug|Any CPU.ActiveCfg = Debug|Any CPU
		{869EB82F-8913-48D8-88D1-2A5081FD2A24}.Debug|Any CPU.Build.0 = Debug|Any CPU
		{869EB82F-8913-48D8-88D1-2A5081FD2A24}.Release|Any CPU.ActiveCfg = Release|Any CPU
		{869EB82F-8913-48D8-88D1-2A5081FD2A24}.Release|Any CPU.Build.0 = Release|Any CPU
		{C9CAFF06-753E-428E-B88E-80CFB285D6DF}.Debug|Any CPU.ActiveCfg = Debug|Any CPU
		{C9CAFF06-753E-428E-B88E-80CFB285D6DF}.Debug|Any CPU.Build.0 = Debug|Any CPU
		{C9CAFF06-753E-428E-B88E-80CFB285D6DF}.Release|Any CPU.ActiveCfg = Release|Any CPU
		{C9CAFF06-753E-428E-B88E-80CFB285D6DF}.Release|Any CPU.Build.0 = Release|Any CPU
		{CFF97951-ED98-42F0-B9BA-0F2D0116AE69}.Debug|Any CPU.ActiveCfg = Debug|Any CPU
		{CFF97951-ED98-42F0-B9BA-0F2D0116AE69}.Debug|Any CPU.Build.0 = Debug|Any CPU
		{CFF97951-ED98-42F0-B9BA-0F2D0116AE69}.Release|Any CPU.ActiveCfg = Release|Any CPU
		{CFF97951-ED98-42F0-B9BA-0F2D0116AE69}.Release|Any CPU.Build.0 = Release|Any CPU
	EndGlobalSection
	GlobalSection(SolutionProperties) = preSolution
		HideSolutionNode = FALSE
	EndGlobalSection
	GlobalSection(ExtensibilityGlobals) = postSolution
		SolutionGuid = {2DBD5D32-E05C-478C-B7DE-23EB28BFAB3C}
	EndGlobalSection
EndGlobal
