
Microsoft Visual Studio Solution File, Format Version 12.00
# Visual Studio Version 17
VisualStudioVersion = 17.5.33516.290
MinimumVisualStudioVersion = 10.0.40219.1
Project("{FAE04EC0-301F-11D3-BF4B-00C04F79EFBC}") = "wf04_filecopy", "wf04_filecopy\wf04_filecopy.csproj", "{C83D1AAE-6CF3-4BE3-AAED-EBD5CE35696A}"
EndProject
Project("{FAE04EC0-301F-11D3-BF4B-00C04F79EFBC}") = "wf05_login", "wf05_login\wf05_login.csproj", "{77CCB0BA-9CDD-47BD-918A-BDE1F7DEEDE7}"
EndProject
Global
	GlobalSection(SolutionConfigurationPlatforms) = preSolution
		Debug|Any CPU = Debug|Any CPU
		Release|Any CPU = Release|Any CPU
	EndGlobalSection
	GlobalSection(ProjectConfigurationPlatforms) = postSolution
		{C83D1AAE-6CF3-4BE3-AAED-EBD5CE35696A}.Debug|Any CPU.ActiveCfg = Debug|Any CPU
		{C83D1AAE-6CF3-4BE3-AAED-EBD5CE35696A}.Debug|Any CPU.Build.0 = Debug|Any CPU
		{C83D1AAE-6CF3-4BE3-AAED-EBD5CE35696A}.Release|Any CPU.ActiveCfg = Release|Any CPU
		{C83D1AAE-6CF3-4BE3-AAED-EBD5CE35696A}.Release|Any CPU.Build.0 = Release|Any CPU
		{77CCB0BA-9CDD-47BD-918A-BDE1F7DEEDE7}.Debug|Any CPU.ActiveCfg = Debug|Any CPU
		{77CCB0BA-9CDD-47BD-918A-BDE1F7DEEDE7}.Debug|Any CPU.Build.0 = Debug|Any CPU
		{77CCB0BA-9CDD-47BD-918A-BDE1F7DEEDE7}.Release|Any CPU.ActiveCfg = Release|Any CPU
		{77CCB0BA-9CDD-47BD-918A-BDE1F7DEEDE7}.Release|Any CPU.Build.0 = Release|Any CPU
	EndGlobalSection
	GlobalSection(SolutionProperties) = preSolution
		HideSolutionNode = FALSE
	EndGlobalSection
	GlobalSection(ExtensibilityGlobals) = postSolution
		SolutionGuid = {74790E5F-F73D-41EF-9618-C6352E5B5884}
	EndGlobalSection
EndGlobal
